
Microsoft Visual Studio Solution File, Format Version 12.00
# Visual Studio 15
VisualStudioVersion = 15.0.28307.645
MinimumVisualStudioVersion = 10.0.40219.1
Project("{FAE04EC0-301F-11D3-BF4B-00C04F79EFBC}") = "Jeans.OAuth.Test", "Jeans.OAuth\Jeans.OAuth.Test.csproj", "{A81D50B5-4290-4A92-A55D-F96C863E5EAE}"
EndProject
Project("{FAE04EC0-301F-11D3-BF4B-00C04F79EFBC}") = "OAuth.AuthorizationServer", "OAuth.AuthorizationServer\OAuth.AuthorizationServer.csproj", "{EB97E576-A498-4154-9CD6-F41F0B582EBA}"
EndProject
Project("{FAE04EC0-301F-11D3-BF4B-00C04F79EFBC}") = "Jeans.OAuth.Data", "Jeans.OAuth.Data\Jeans.OAuth.Data.csproj", "{B4E001EF-D137-432D-91BC-FACF76CCB3E5}"
EndProject
Project("{FAE04EC0-301F-11D3-BF4B-00C04F79EFBC}") = "Jeans.OAuth.Core", "Jeans.OAuth.Core\Jeans.OAuth.Core.csproj", "{67DDD676-30C3-4575-A628-B95BA1DF177D}"
EndProject
Project("{FAE04EC0-301F-11D3-BF4B-00C04F79EFBC}") = "Jeans.OAuth.Server", "Jeans.OAuth.Server\Jeans.OAuth.Server.csproj", "{494DF16A-7E09-4F55-AE58-BCF769DE3197}"
EndProject
Project("{2150E333-8FDC-42A3-9474-1A3956D46DE8}") = "OAuthServer", "OAuthServer", "{16EA7EE0-2459-42F6-9E9D-C1642AA889DF}"
EndProject
Global
	GlobalSection(SolutionConfigurationPlatforms) = preSolution
		Debug|Any CPU = Debug|Any CPU
		Release|Any CPU = Release|Any CPU
	EndGlobalSection
	GlobalSection(ProjectConfigurationPlatforms) = postSolution
		{A81D50B5-4290-4A92-A55D-F96C863E5EAE}.Debug|Any CPU.ActiveCfg = Debug|Any CPU
		{A81D50B5-4290-4A92-A55D-F96C863E5EAE}.Debug|Any CPU.Build.0 = Debug|Any CPU
		{A81D50B5-4290-4A92-A55D-F96C863E5EAE}.Release|Any CPU.ActiveCfg = Release|Any CPU
		{A81D50B5-4290-4A92-A55D-F96C863E5EAE}.Release|Any CPU.Build.0 = Release|Any CPU
		{EB97E576-A498-4154-9CD6-F41F0B582EBA}.Debug|Any CPU.ActiveCfg = Debug|Any CPU
		{EB97E576-A498-4154-9CD6-F41F0B582EBA}.Debug|Any CPU.Build.0 = Debug|Any CPU
		{EB97E576-A498-4154-9CD6-F41F0B582EBA}.Release|Any CPU.ActiveCfg = Release|Any CPU
		{EB97E576-A498-4154-9CD6-F41F0B582EBA}.Release|Any CPU.Build.0 = Release|Any CPU
		{B4E001EF-D137-432D-91BC-FACF76CCB3E5}.Debug|Any CPU.ActiveCfg = Debug|Any CPU
		{B4E001EF-D137-432D-91BC-FACF76CCB3E5}.Debug|Any CPU.Build.0 = Debug|Any CPU
		{B4E001EF-D137-432D-91BC-FACF76CCB3E5}.Release|Any CPU.ActiveCfg = Release|Any CPU
		{B4E001EF-D137-432D-91BC-FACF76CCB3E5}.Release|Any CPU.Build.0 = Release|Any CPU
		{67DDD676-30C3-4575-A628-B95BA1DF177D}.Debug|Any CPU.ActiveCfg = Debug|Any CPU
		{67DDD676-30C3-4575-A628-B95BA1DF177D}.Debug|Any CPU.Build.0 = Debug|Any CPU
		{67DDD676-30C3-4575-A628-B95BA1DF177D}.Release|Any CPU.ActiveCfg = Release|Any CPU
		{67DDD676-30C3-4575-A628-B95BA1DF177D}.Release|Any CPU.Build.0 = Release|Any CPU
		{494DF16A-7E09-4F55-AE58-BCF769DE3197}.Debug|Any CPU.ActiveCfg = Debug|Any CPU
		{494DF16A-7E09-4F55-AE58-BCF769DE3197}.Debug|Any CPU.Build.0 = Debug|Any CPU
		{494DF16A-7E09-4F55-AE58-BCF769DE3197}.Release|Any CPU.ActiveCfg = Release|Any CPU
		{494DF16A-7E09-4F55-AE58-BCF769DE3197}.Release|Any CPU.Build.0 = Release|Any CPU
	EndGlobalSection
	GlobalSection(SolutionProperties) = preSolution
		HideSolutionNode = FALSE
	EndGlobalSection
	GlobalSection(NestedProjects) = preSolution
		{EB97E576-A498-4154-9CD6-F41F0B582EBA} = {16EA7EE0-2459-42F6-9E9D-C1642AA889DF}
		{B4E001EF-D137-432D-91BC-FACF76CCB3E5} = {16EA7EE0-2459-42F6-9E9D-C1642AA889DF}
		{67DDD676-30C3-4575-A628-B95BA1DF177D} = {16EA7EE0-2459-42F6-9E9D-C1642AA889DF}
		{494DF16A-7E09-4F55-AE58-BCF769DE3197} = {16EA7EE0-2459-42F6-9E9D-C1642AA889DF}
	EndGlobalSection
	GlobalSection(ExtensibilityGlobals) = postSolution
		SolutionGuid = {62DFA181-6173-45F3-AF92-9A10D748778E}
	EndGlobalSection
EndGlobal
